PODS:
  - CommonCryptoModule (1.0.1)
  - Siesta/Core (1.3.1)
  - Siesta/Tools (1.3.1):
    - CommonCryptoModule
    - Siesta/Core
  - Siesta/UI (1.3.1):
    - Siesta/Core

DEPENDENCIES:
  - Siesta/Tools (from `../..`)
  - Siesta/UI (from `../..`)

SPEC REPOS:
  https://github.com/cocoapods/specs.git:
    - CommonCryptoModule

EXTERNAL SOURCES:
  Siesta:
    :path: "../.."

SPEC CHECKSUMS:
  CommonCryptoModule: ee1951ed7ad8f8c4293754c0e1b53ab2089f1e4e
  Siesta: 64f57d3ff6dce8781eeb18c3f287015565b1493d

PODFILE CHECKSUM: dcd41fbb493c0ab37222fba68287d0e620fb57a4

COCOAPODS: 1.5.3
